
Microsoft Visual Studio Solution File, Format Version 12.00
# Visual Studio 2013
VisualStudioVersion = 12.0.31101.0
MinimumVisualStudioVersion = 10.0.40219.1
Project("{FAE04EC0-301F-11D3-BF4B-00C04F79EFBC}") = "01.BiggerNumber", "01.BiggerNumber\01.BiggerNumber.csproj", "{668A92B0-2A39-49F2-8BC8-E5D3000796A1}"
EndProject
Project("{FAE04EC0-301F-11D3-BF4B-00C04F79EFBC}") = "02.LastDigitOfNumber", "02.LastDigitOfNumber\02.LastDigitOfNumber.csproj", "{01B4BFA0-FB4E-4398-920A-0DF2F990F481}"
EndProject
Project("{FAE04EC0-301F-11D3-BF4B-00C04F79EFBC}") = "03.LargerThanNeighbours", "03.LargerThanNeighbours\03.LargerThanNeighbours.csproj", "{C7521586-DCFA-4FF1-9203-00AB0389469D}"
EndProject
Project("{FAE04EC0-301F-11D3-BF4B-00C04F79EFBC}") = "04.FirstLargerThanNeighbours", "04.FirstLargerThanNeighbours\04.FirstLargerThanNeighbours.csproj", "{816BCA8A-BAE8-4886-B8BC-62C8F4EF81D1}"
EndProject
Project("{FAE04EC0-301F-11D3-BF4B-00C04F79EFBC}") = "05.ReverseNumber", "05.ReverseNumber\05.ReverseNumber.csproj", "{919258CA-ABE5-4D97-A928-C07853885A32}"
EndProject
Global
	GlobalSection(SolutionConfigurationPlatforms) = preSolution
		Debug|Any CPU = Debug|Any CPU
		Release|Any CPU = Release|Any CPU
	EndGlobalSection
	GlobalSection(ProjectConfigurationPlatforms) = postSolution
		{668A92B0-2A39-49F2-8BC8-E5D3000796A1}.Debug|Any CPU.ActiveCfg = Debug|Any CPU
		{668A92B0-2A39-49F2-8BC8-E5D3000796A1}.Debug|Any CPU.Build.0 = Debug|Any CPU
		{668A92B0-2A39-49F2-8BC8-E5D3000796A1}.Release|Any CPU.ActiveCfg = Release|Any CPU
		{668A92B0-2A39-49F2-8BC8-E5D3000796A1}.Release|Any CPU.Build.0 = Release|Any CPU
		{01B4BFA0-FB4E-4398-920A-0DF2F990F481}.Debug|Any CPU.ActiveCfg = Debug|Any CPU
		{01B4BFA0-FB4E-4398-920A-0DF2F990F481}.Debug|Any CPU.Build.0 = Debug|Any CPU
		{01B4BFA0-FB4E-4398-920A-0DF2F990F481}.Release|Any CPU.ActiveCfg = Release|Any CPU
		{01B4BFA0-FB4E-4398-920A-0DF2F990F481}.Release|Any CPU.Build.0 = Release|Any CPU
		{C7521586-DCFA-4FF1-9203-00AB0389469D}.Debug|Any CPU.ActiveCfg = Debug|Any CPU
		{C7521586-DCFA-4FF1-9203-00AB0389469D}.Debug|Any CPU.Build.0 = Debug|Any CPU
		{C7521586-DCFA-4FF1-9203-00AB0389469D}.Release|Any CPU.ActiveCfg = Release|Any CPU
		{C7521586-DCFA-4FF1-9203-00AB0389469D}.Release|Any CPU.Build.0 = Release|Any CPU
		{816BCA8A-BAE8-4886-B8BC-62C8F4EF81D1}.Debug|Any CPU.ActiveCfg = Debug|Any CPU
		{816BCA8A-BAE8-4886-B8BC-62C8F4EF81D1}.Debug|Any CPU.Build.0 = Debug|Any CPU
		{816BCA8A-BAE8-4886-B8BC-62C8F4EF81D1}.Release|Any CPU.ActiveCfg = Release|Any CPU
		{816BCA8A-BAE8-4886-B8BC-62C8F4EF81D1}.Release|Any CPU.Build.0 = Release|Any CPU
		{919258CA-ABE5-4D97-A928-C07853885A32}.Debug|Any CPU.ActiveCfg = Debug|Any CPU
		{919258CA-ABE5-4D97-A928-C07853885A32}.Debug|Any CPU.Build.0 = Debug|Any CPU
		{919258CA-ABE5-4D97-A928-C07853885A32}.Release|Any CPU.ActiveCfg = Release|Any CPU
		{919258CA-ABE5-4D97-A928-C07853885A32}.Release|Any CPU.Build.0 = Release|Any CPU
	EndGlobalSection
	GlobalSection(SolutionProperties) = preSolution
		HideSolutionNode = FALSE
	EndGlobalSection
EndGlobal
